
Microsoft Visual Studio Solution File, Format Version 12.00
# Visual Studio 2013
VisualStudioVersion = 12.0.31101.0
MinimumVisualStudioVersion = 10.0.40219.1
Project("{FAE04EC0-301F-11D3-BF4B-00C04F79EFBC}") = "MarkPaemaaShowCase", "MarkPaemaaShowCase\MarkPaemaaShowCase.csproj", "{89556AF3-6998-4E0A-BE15-C067E31A0FD7}"
EndProject
Project("{FAE04EC0-301F-11D3-BF4B-00C04F79EFBC}") = "MarkPaemaaShowCase.Tests", "MarkPaemaaShowCase.Tests\MarkPaemaaShowCase.Tests.csproj", "{E59D428A-D304-481D-8F1C-1D98B7D0DBE9}"
EndProject
Project("{00D1A9C2-B5F0-4AF3-8072-F6C62B433612}") = "MarkPaemaaShowcaseDatabase", "ShowCaseDatabase\MarkPaemaaShowcaseDatabase.sqlproj", "{54C3C214-B1C0-4366-B06A-F93167AC431E}"
EndProject
Project("{FAE04EC0-301F-11D3-BF4B-00C04F79EFBC}") = "MarkPaemaaShowCaseEntityFramework", "MarkPaemaaShowCaseEntityFramework\MarkPaemaaShowCaseEntityFramework.csproj", "{AF943177-C442-412D-9CAD-F86C98B693B4}"
EndProject
Project("{2150E333-8FDC-42A3-9474-1A3956D46DE8}") = "1. Database", "1. Database", "{4262D4AF-38BE-42E0-81EE-34E0B5A8852E}"
EndProject
Project("{2150E333-8FDC-42A3-9474-1A3956D46DE8}") = "4. Website", "4. Website", "{F1DE969F-2D83-4E55-973C-3AB8EFCBF61A}"
EndProject
Project("{2150E333-8FDC-42A3-9474-1A3956D46DE8}") = "6. Tests", "6. Tests", "{FC623347-8DB0-4B50-9FA4-74B7CC48FE02}"
EndProject
Project("{2150E333-8FDC-42A3-9474-1A3956D46DE8}") = "2. Entity Framework", "2. Entity Framework", "{FF4E4656-1F35-4045-9072-C6101B8EB2A6}"
EndProject
Project("{2150E333-8FDC-42A3-9474-1A3956D46DE8}") = "3. Assemblies", "3. Assemblies", "{CCE34C40-3096-4D0C-8781-C9C5C9BF8AB5}"
EndProject
Project("{2150E333-8FDC-42A3-9474-1A3956D46DE8}") = "5. Web Services", "5. Web Services", "{02D6AB3A-3549-4257-91BA-3377BB629660}"
EndProject
Project("{2150E333-8FDC-42A3-9474-1A3956D46DE8}") = "7. Test Apps", "7. Test Apps", "{C4843B9B-0EEF-4C47-824F-9D27E20AAC25}"
EndProject
Project("{2150E333-8FDC-42A3-9474-1A3956D46DE8}") = "S.O.L.I.D. Principles", "S.O.L.I.D. Principles", "{B15FA34C-930A-4DBB-BFE1-F69BE2E458E6}"
EndProject
Project("{2150E333-8FDC-42A3-9474-1A3956D46DE8}") = "0. RAG - Rough As Guts", "0. RAG - Rough As Guts", "{5B14392E-400A-4B4A-9F64-7412176A458C}"
EndProject
Project("{2150E333-8FDC-42A3-9474-1A3956D46DE8}") = "1. SRP - Single Responsibility Principle", "1. SRP - Single Responsibility Principle", "{371685BA-9D68-42E1-9847-99BBD1C55F4A}"
EndProject
Project("{2150E333-8FDC-42A3-9474-1A3956D46DE8}") = "- Data Documents", "- Data Documents", "{0244B623-2B1A-469B-936A-7AA836870CEF}"
EndProject
Project("{2150E333-8FDC-42A3-9474-1A3956D46DE8}") = "Input Documents", "Input Documents", "{BADBC60E-F1F8-4D81-9543-632A30D56E2E}"
	ProjectSection(SolutionItems) = preProject
		Sandbox\SolidPrinciples\InputDocument.xml = Sandbox\SolidPrinciples\InputDocument.xml
	EndProjectSection
EndProject
Project("{2150E333-8FDC-42A3-9474-1A3956D46DE8}") = "Output Documents", "Output Documents", "{2192B64B-8FA1-4EC0-BAE5-7D7399F0AE68}"
	ProjectSection(SolutionItems) = preProject
		Sandbox\SolidPrinciples\OutputDocument.json = Sandbox\SolidPrinciples\OutputDocument.json
	EndProjectSection
EndProject
Project("{2150E333-8FDC-42A3-9474-1A3956D46DE8}") = "2. OCP - Open Closed Principle", "2. OCP - Open Closed Principle", "{09D705EA-C624-481D-A6DA-82E9B9E9AE58}"
EndProject
Project("{2150E333-8FDC-42A3-9474-1A3956D46DE8}") = "CSharp Concepts", "CSharp Concepts", "{E44A081B-8D1C-4146-A45B-035DE2C46BF2}"
EndProject
Project("{2150E333-8FDC-42A3-9474-1A3956D46DE8}") = "3. LSP - Liskov's Substitution Principle", "3. LSP - Liskov's Substitution Principle", "{BE5264FF-4CDB-498E-A15D-2D9070797D6D}"
EndProject
Project("{2150E333-8FDC-42A3-9474-1A3956D46DE8}") = "4. ISP - Interface Segregation Principle", "4. ISP - Interface Segregation Principle", "{C4A0F7DE-2A82-4765-AE6A-274C27C55D87}"
EndProject
Project("{2150E333-8FDC-42A3-9474-1A3956D46DE8}") = "5. DIP - Dependency Inversion Principle", "5. DIP - Dependency Inversion Principle", "{815D6513-B6D7-4604-8148-F5AA27AEA17D}"
EndProject
Project("{FAE04EC0-301F-11D3-BF4B-00C04F79EFBC}") = "IEnumerableVrsIEnumerator", "Sandbox\CSharpFeatures\IEnumerableVrsIEnumerator\IEnumerableVrsIEnumerator.csproj", "{900B6EDF-E23B-4379-AAA0-96DDCC347740}"
EndProject
Project("{FAE04EC0-301F-11D3-BF4B-00C04F79EFBC}") = "YieldExample", "Sandbox\CSharpFeatures\YieldExample\YieldExample.csproj", "{F7030191-C7BE-4C61-A4C3-A499DE891E9A}"
EndProject
Project("{FAE04EC0-301F-11D3-BF4B-00C04F79EFBC}") = "SolidPrinciples.RAG", "Sandbox\SolidPrinciples\SolidPrinciples.RAG\SolidPrinciples.RAG.csproj", "{DC6995B0-878E-41B6-8621-D82339C2E44C}"
EndProject
Project("{FAE04EC0-301F-11D3-BF4B-00C04F79EFBC}") = "SolidPrinciples.RAG.Refactored", "Sandbox\SolidPrinciples\SolidPrinciples.RAG.Refactored\SolidPrinciples.RAG.Refactored.csproj", "{E68C9B98-BA5A-4A29-BF80-2BB0CC56824B}"
EndProject
Project("{FAE04EC0-301F-11D3-BF4B-00C04F79EFBC}") = "SolidPrinciples.SRP", "Sandbox\SolidPrinciples\SolidPrinciples.SRP\SolidPrinciples.SRP.csproj", "{17825B52-DBBF-4D8F-972B-FF7D961A924E}"
EndProject
Project("{FAE04EC0-301F-11D3-BF4B-00C04F79EFBC}") = "SolidPrinciples.OCP", "Sandbox\SolidPrinciples\SolidPrinciples.OCP\SolidPrinciples.OCP.csproj", "{0CDF0628-46AD-4ECF-A34C-9D0729EDE982}"
EndProject
Project("{FAE04EC0-301F-11D3-BF4B-00C04F79EFBC}") = "SolidPrinciples.LSP", "Sandbox\SolidPrinciples\SolidPrinciples.LSP\SolidPrinciples.LSP.csproj", "{D3FB3DA0-D583-4DDE-94ED-AA6C2A8CAF2F}"
EndProject
Project("{FAE04EC0-301F-11D3-BF4B-00C04F79EFBC}") = "SolidPrinciples.ISP", "Sandbox\SolidPrinciples\SolidPrinciples.ISP\SolidPrinciples.ISP.csproj", "{D383E7DF-982A-4FA5-B786-CD68D4B70910}"
EndProject
Project("{FAE04EC0-301F-11D3-BF4B-00C04F79EFBC}") = "SolidPrinciples.DIP.Manual", "Sandbox\SolidPrinciples\SolidPrinciples.DIP.Manual\SolidPrinciples.DIP.Manual.csproj", "{54E47938-52C2-4228-A715-1B588F3CAB16}"
EndProject
Global
	GlobalSection(SolutionConfigurationPlatforms) = preSolution
		Debug|Any CPU = Debug|Any CPU
		Release|Any CPU = Release|Any CPU
	EndGlobalSection
	GlobalSection(ProjectConfigurationPlatforms) = postSolution
		{89556AF3-6998-4E0A-BE15-C067E31A0FD7}.Debug|Any CPU.ActiveCfg = Debug|Any CPU
		{89556AF3-6998-4E0A-BE15-C067E31A0FD7}.Debug|Any CPU.Build.0 = Debug|Any CPU
		{89556AF3-6998-4E0A-BE15-C067E31A0FD7}.Release|Any CPU.ActiveCfg = Release|Any CPU
		{89556AF3-6998-4E0A-BE15-C067E31A0FD7}.Release|Any CPU.Build.0 = Release|Any CPU
		{E59D428A-D304-481D-8F1C-1D98B7D0DBE9}.Debug|Any CPU.ActiveCfg = Debug|Any CPU
		{E59D428A-D304-481D-8F1C-1D98B7D0DBE9}.Debug|Any CPU.Build.0 = Debug|Any CPU
		{E59D428A-D304-481D-8F1C-1D98B7D0DBE9}.Release|Any CPU.ActiveCfg = Release|Any CPU
		{E59D428A-D304-481D-8F1C-1D98B7D0DBE9}.Release|Any CPU.Build.0 = Release|Any CPU
		{54C3C214-B1C0-4366-B06A-F93167AC431E}.Debug|Any CPU.ActiveCfg = Debug|Any CPU
		{54C3C214-B1C0-4366-B06A-F93167AC431E}.Debug|Any CPU.Build.0 = Debug|Any CPU
		{54C3C214-B1C0-4366-B06A-F93167AC431E}.Debug|Any CPU.Deploy.0 = Debug|Any CPU
		{54C3C214-B1C0-4366-B06A-F93167AC431E}.Release|Any CPU.ActiveCfg = Release|Any CPU
		{54C3C214-B1C0-4366-B06A-F93167AC431E}.Release|Any CPU.Build.0 = Release|Any CPU
		{54C3C214-B1C0-4366-B06A-F93167AC431E}.Release|Any CPU.Deploy.0 = Release|Any CPU
		{AF943177-C442-412D-9CAD-F86C98B693B4}.Debug|Any CPU.ActiveCfg = Debug|Any CPU
		{AF943177-C442-412D-9CAD-F86C98B693B4}.Debug|Any CPU.Build.0 = Debug|Any CPU
		{AF943177-C442-412D-9CAD-F86C98B693B4}.Release|Any CPU.ActiveCfg = Release|Any CPU
		{AF943177-C442-412D-9CAD-F86C98B693B4}.Release|Any CPU.Build.0 = Release|Any CPU
		{900B6EDF-E23B-4379-AAA0-96DDCC347740}.Debug|Any CPU.ActiveCfg = Debug|Any CPU
		{900B6EDF-E23B-4379-AAA0-96DDCC347740}.Debug|Any CPU.Build.0 = Debug|Any CPU
		{900B6EDF-E23B-4379-AAA0-96DDCC347740}.Release|Any CPU.ActiveCfg = Release|Any CPU
		{900B6EDF-E23B-4379-AAA0-96DDCC347740}.Release|Any CPU.Build.0 = Release|Any CPU
		{F7030191-C7BE-4C61-A4C3-A499DE891E9A}.Debug|Any CPU.ActiveCfg = Debug|Any CPU
		{F7030191-C7BE-4C61-A4C3-A499DE891E9A}.Debug|Any CPU.Build.0 = Debug|Any CPU
		{F7030191-C7BE-4C61-A4C3-A499DE891E9A}.Release|Any CPU.ActiveCfg = Release|Any CPU
		{F7030191-C7BE-4C61-A4C3-A499DE891E9A}.Release|Any CPU.Build.0 = Release|Any CPU
		{DC6995B0-878E-41B6-8621-D82339C2E44C}.Debug|Any CPU.ActiveCfg = Debug|Any CPU
		{DC6995B0-878E-41B6-8621-D82339C2E44C}.Debug|Any CPU.Build.0 = Debug|Any CPU
		{DC6995B0-878E-41B6-8621-D82339C2E44C}.Release|Any CPU.ActiveCfg = Release|Any CPU
		{DC6995B0-878E-41B6-8621-D82339C2E44C}.Release|Any CPU.Build.0 = Release|Any CPU
		{E68C9B98-BA5A-4A29-BF80-2BB0CC56824B}.Debug|Any CPU.ActiveCfg = Debug|Any CPU
		{E68C9B98-BA5A-4A29-BF80-2BB0CC56824B}.Debug|Any CPU.Build.0 = Debug|Any CPU
		{E68C9B98-BA5A-4A29-BF80-2BB0CC56824B}.Release|Any CPU.ActiveCfg = Release|Any CPU
		{E68C9B98-BA5A-4A29-BF80-2BB0CC56824B}.Release|Any CPU.Build.0 = Release|Any CPU
		{17825B52-DBBF-4D8F-972B-FF7D961A924E}.Debug|Any CPU.ActiveCfg = Debug|Any CPU
		{17825B52-DBBF-4D8F-972B-FF7D961A924E}.Debug|Any CPU.Build.0 = Debug|Any CPU
		{17825B52-DBBF-4D8F-972B-FF7D961A924E}.Release|Any CPU.ActiveCfg = Release|Any CPU
		{17825B52-DBBF-4D8F-972B-FF7D961A924E}.Release|Any CPU.Build.0 = Release|Any CPU
		{0CDF0628-46AD-4ECF-A34C-9D0729EDE982}.Debug|Any CPU.ActiveCfg = Debug|Any CPU
		{0CDF0628-46AD-4ECF-A34C-9D0729EDE982}.Debug|Any CPU.Build.0 = Debug|Any CPU
		{0CDF0628-46AD-4ECF-A34C-9D0729EDE982}.Release|Any CPU.ActiveCfg = Release|Any CPU
		{0CDF0628-46AD-4ECF-A34C-9D0729EDE982}.Release|Any CPU.Build.0 = Release|Any CPU
		{D3FB3DA0-D583-4DDE-94ED-AA6C2A8CAF2F}.Debug|Any CPU.ActiveCfg = Debug|Any CPU
		{D3FB3DA0-D583-4DDE-94ED-AA6C2A8CAF2F}.Debug|Any CPU.Build.0 = Debug|Any CPU
		{D3FB3DA0-D583-4DDE-94ED-AA6C2A8CAF2F}.Release|Any CPU.ActiveCfg = Release|Any CPU
		{D3FB3DA0-D583-4DDE-94ED-AA6C2A8CAF2F}.Release|Any CPU.Build.0 = Release|Any CPU
		{D383E7DF-982A-4FA5-B786-CD68D4B70910}.Debug|Any CPU.ActiveCfg = Debug|Any CPU
		{D383E7DF-982A-4FA5-B786-CD68D4B70910}.Debug|Any CPU.Build.0 = Debug|Any CPU
		{D383E7DF-982A-4FA5-B786-CD68D4B70910}.Release|Any CPU.ActiveCfg = Release|Any CPU
		{D383E7DF-982A-4FA5-B786-CD68D4B70910}.Release|Any CPU.Build.0 = Release|Any CPU
		{54E47938-52C2-4228-A715-1B588F3CAB16}.Debug|Any CPU.ActiveCfg = Debug|Any CPU
		{54E47938-52C2-4228-A715-1B588F3CAB16}.Debug|Any CPU.Build.0 = Debug|Any CPU
		{54E47938-52C2-4228-A715-1B588F3CAB16}.Release|Any CPU.ActiveCfg = Release|Any CPU
		{54E47938-52C2-4228-A715-1B588F3CAB16}.Release|Any CPU.Build.0 = Release|Any CPU
	EndGlobalSection
	GlobalSection(SolutionProperties) = preSolution
		HideSolutionNode = FALSE
	EndGlobalSection
	GlobalSection(NestedProjects) = preSolution
		{89556AF3-6998-4E0A-BE15-C067E31A0FD7} = {F1DE969F-2D83-4E55-973C-3AB8EFCBF61A}
		{E59D428A-D304-481D-8F1C-1D98B7D0DBE9} = {FC623347-8DB0-4B50-9FA4-74B7CC48FE02}
		{54C3C214-B1C0-4366-B06A-F93167AC431E} = {4262D4AF-38BE-42E0-81EE-34E0B5A8852E}
		{AF943177-C442-412D-9CAD-F86C98B693B4} = {FF4E4656-1F35-4045-9072-C6101B8EB2A6}
		{B15FA34C-930A-4DBB-BFE1-F69BE2E458E6} = {C4843B9B-0EEF-4C47-824F-9D27E20AAC25}
		{5B14392E-400A-4B4A-9F64-7412176A458C} = {B15FA34C-930A-4DBB-BFE1-F69BE2E458E6}
		{371685BA-9D68-42E1-9847-99BBD1C55F4A} = {B15FA34C-930A-4DBB-BFE1-F69BE2E458E6}
		{0244B623-2B1A-469B-936A-7AA836870CEF} = {B15FA34C-930A-4DBB-BFE1-F69BE2E458E6}
		{BADBC60E-F1F8-4D81-9543-632A30D56E2E} = {0244B623-2B1A-469B-936A-7AA836870CEF}
		{2192B64B-8FA1-4EC0-BAE5-7D7399F0AE68} = {0244B623-2B1A-469B-936A-7AA836870CEF}
		{09D705EA-C624-481D-A6DA-82E9B9E9AE58} = {B15FA34C-930A-4DBB-BFE1-F69BE2E458E6}
		{E44A081B-8D1C-4146-A45B-035DE2C46BF2} = {C4843B9B-0EEF-4C47-824F-9D27E20AAC25}
		{BE5264FF-4CDB-498E-A15D-2D9070797D6D} = {B15FA34C-930A-4DBB-BFE1-F69BE2E458E6}
		{C4A0F7DE-2A82-4765-AE6A-274C27C55D87} = {B15FA34C-930A-4DBB-BFE1-F69BE2E458E6}
		{815D6513-B6D7-4604-8148-F5AA27AEA17D} = {B15FA34C-930A-4DBB-BFE1-F69BE2E458E6}
		{900B6EDF-E23B-4379-AAA0-96DDCC347740} = {E44A081B-8D1C-4146-A45B-035DE2C46BF2}
		{F7030191-C7BE-4C61-A4C3-A499DE891E9A} = {E44A081B-8D1C-4146-A45B-035DE2C46BF2}
		{DC6995B0-878E-41B6-8621-D82339C2E44C} = {5B14392E-400A-4B4A-9F64-7412176A458C}
		{E68C9B98-BA5A-4A29-BF80-2BB0CC56824B} = {5B14392E-400A-4B4A-9F64-7412176A458C}
		{17825B52-DBBF-4D8F-972B-FF7D961A924E} = {371685BA-9D68-42E1-9847-99BBD1C55F4A}
		{0CDF0628-46AD-4ECF-A34C-9D0729EDE982} = {09D705EA-C624-481D-A6DA-82E9B9E9AE58}
		{D3FB3DA0-D583-4DDE-94ED-AA6C2A8CAF2F} = {BE5264FF-4CDB-498E-A15D-2D9070797D6D}
		{D383E7DF-982A-4FA5-B786-CD68D4B70910} = {C4A0F7DE-2A82-4765-AE6A-274C27C55D87}
		{54E47938-52C2-4228-A715-1B588F3CAB16} = {815D6513-B6D7-4604-8148-F5AA27AEA17D}
	EndGlobalSection
EndGlobal
